
Microsoft Visual Studio Solution File, Format Version 12.00
# Visual Studio Version 17
VisualStudioVersion = 17.4.33122.133
MinimumVisualStudioVersion = 10.0.40219.1
Project("{FAE04EC0-301F-11D3-BF4B-00C04F79EFBC}") = "BlazorAuthentication", "BlazorAuthentication\BlazorAuthentication.csproj", "{F3BC0AA6-2B63-43FB-BCA6-5B7049CC5359}"
EndProject
Global
	GlobalSection(SolutionConfigurationPlatforms) = preSolution
		Debug|Any CPU = Debug|Any CPU
		Release|Any CPU = Release|Any CPU
	EndGlobalSection
	GlobalSection(ProjectConfigurationPlatforms) = postSolution
		{F3BC0AA6-2B63-43FB-BCA6-5B7049CC5359}.Debug|Any CPU.ActiveCfg = Debug|Any CPU
		{F3BC0AA6-2B63-43FB-BCA6-5B7049CC5359}.Debug|Any CPU.Build.0 = Debug|Any CPU
		{F3BC0AA6-2B63-43FB-BCA6-5B7049CC5359}.Release|Any CPU.ActiveCfg = Release|Any CPU
		{F3BC0AA6-2B63-43FB-BCA6-5B7049CC5359}.Release|Any CPU.Build.0 = Release|Any CPU
	EndGlobalSection
	GlobalSection(SolutionProperties) = preSolution
		HideSolutionNode = FALSE
	EndGlobalSection
	GlobalSection(ExtensibilityGlobals) = postSolution
		SolutionGuid = {726CC149-3E7F-4F28-ACB4-BA209FAE229C}
	EndGlobalSection
EndGlobal
